
Microsoft Visual Studio Solution File, Format Version 12.00
# Visual Studio Version 16
VisualStudioVersion = 16.0.31424.327
MinimumVisualStudioVersion = 10.0.40219.1
Project("{9A19103F-16F7-4668-BE54-9A1E7A4F7556}") = "CoreBlogProject", "CoreBlogProject\CoreBlogProject.csproj", "{7097CC2A-4DD8-46EE-8031-B721266A586D}"
EndProject
Project("{9A19103F-16F7-4668-BE54-9A1E7A4F7556}") = "EntityLayer", "EntityLayer\EntityLayer.csproj", "{3D4C30D2-2392-4F21-9A04-CB05BCD95F82}"
EndProject
Project("{9A19103F-16F7-4668-BE54-9A1E7A4F7556}") = "BusinessLayer", "BusinessLayer\BusinessLayer.csproj", "{86B5229E-28EF-4BFA-A612-DF8D73907EBC}"
EndProject
Project("{9A19103F-16F7-4668-BE54-9A1E7A4F7556}") = "CoreLayer", "CoreLayer\CoreLayer.csproj", "{30F03DE0-B3E4-4CA1-9B81-BFCB0D4599F7}"
EndProject
Project("{9A19103F-16F7-4668-BE54-9A1E7A4F7556}") = "DataAccessLayer", "DataAccessLayer\DataAccessLayer.csproj", "{53A5A6E8-C1DD-44EF-833F-BE1AABAF8183}"
EndProject
Project("{FAE04EC0-301F-11D3-BF4B-00C04F79EFBC}") = "BlogApiDemo", "BlogApiDemo\BlogApiDemo.csproj", "{0C97ABB0-8C3A-4398-9DF8-4ADFA707176F}"
EndProject
Global
	GlobalSection(SolutionConfigurationPlatforms) = preSolution
		Debug|Any CPU = Debug|Any CPU
		Release|Any CPU = Release|Any CPU
	EndGlobalSection
	GlobalSection(ProjectConfigurationPlatforms) = postSolution
		{7097CC2A-4DD8-46EE-8031-B721266A586D}.Debug|Any CPU.ActiveCfg = Debug|Any CPU
		{7097CC2A-4DD8-46EE-8031-B721266A586D}.Debug|Any CPU.Build.0 = Debug|Any CPU
		{7097CC2A-4DD8-46EE-8031-B721266A586D}.Release|Any CPU.ActiveCfg = Release|Any CPU
		{7097CC2A-4DD8-46EE-8031-B721266A586D}.Release|Any CPU.Build.0 = Release|Any CPU
		{3D4C30D2-2392-4F21-9A04-CB05BCD95F82}.Debug|Any CPU.ActiveCfg = Debug|Any CPU
		{3D4C30D2-2392-4F21-9A04-CB05BCD95F82}.Debug|Any CPU.Build.0 = Debug|Any CPU
		{3D4C30D2-2392-4F21-9A04-CB05BCD95F82}.Release|Any CPU.ActiveCfg = Release|Any CPU
		{3D4C30D2-2392-4F21-9A04-CB05BCD95F82}.Release|Any CPU.Build.0 = Release|Any CPU
		{86B5229E-28EF-4BFA-A612-DF8D73907EBC}.Debug|Any CPU.ActiveCfg = Debug|Any CPU
		{86B5229E-28EF-4BFA-A612-DF8D73907EBC}.Debug|Any CPU.Build.0 = Debug|Any CPU
		{86B5229E-28EF-4BFA-A612-DF8D73907EBC}.Release|Any CPU.ActiveCfg = Release|Any CPU
		{86B5229E-28EF-4BFA-A612-DF8D73907EBC}.Release|Any CPU.Build.0 = Release|Any CPU
		{30F03DE0-B3E4-4CA1-9B81-BFCB0D4599F7}.Debug|Any CPU.ActiveCfg = Debug|Any CPU
		{30F03DE0-B3E4-4CA1-9B81-BFCB0D4599F7}.Debug|Any CPU.Build.0 = Debug|Any CPU
		{30F03DE0-B3E4-4CA1-9B81-BFCB0D4599F7}.Release|Any CPU.ActiveCfg = Release|Any CPU
		{30F03DE0-B3E4-4CA1-9B81-BFCB0D4599F7}.Release|Any CPU.Build.0 = Release|Any CPU
		{53A5A6E8-C1DD-44EF-833F-BE1AABAF8183}.Debug|Any CPU.ActiveCfg = Debug|Any CPU
		{53A5A6E8-C1DD-44EF-833F-BE1AABAF8183}.Debug|Any CPU.Build.0 = Debug|Any CPU
		{53A5A6E8-C1DD-44EF-833F-BE1AABAF8183}.Release|Any CPU.ActiveCfg = Release|Any CPU
		{53A5A6E8-C1DD-44EF-833F-BE1AABAF8183}.Release|Any CPU.Build.0 = Release|Any CPU
		{0C97ABB0-8C3A-4398-9DF8-4ADFA707176F}.Debug|Any CPU.ActiveCfg = Debug|Any CPU
		{0C97ABB0-8C3A-4398-9DF8-4ADFA707176F}.Debug|Any CPU.Build.0 = Debug|Any CPU
		{0C97ABB0-8C3A-4398-9DF8-4ADFA707176F}.Release|Any CPU.ActiveCfg = Release|Any CPU
		{0C97ABB0-8C3A-4398-9DF8-4ADFA707176F}.Release|Any CPU.Build.0 = Release|Any CPU
	EndGlobalSection
	GlobalSection(SolutionProperties) = preSolution
		HideSolutionNode = FALSE
	EndGlobalSection
	GlobalSection(ExtensibilityGlobals) = postSolution
		SolutionGuid = {F524E817-7BD5-4B47-AAD1-B4AA337F0316}
	EndGlobalSection
EndGlobal
